
Microsoft Visual Studio Solution File, Format Version 12.00
# Visual Studio Version 17
VisualStudioVersion = 17.14.36414.22 d17.14
MinimumVisualStudioVersion = 10.0.40219.1
Project("{FAE04EC0-301F-11D3-BF4B-00C04F79EFBC}") = "LunaBeauty", "LunaBeauty\LunaBeauty.csproj", "{8066C8C7-B2EB-4832-87DC-50D00179DF7E}"
EndProject
Global
	GlobalSection(SolutionConfigurationPlatforms) = preSolution
		Debug|Any CPU = Debug|Any CPU
		Release|Any CPU = Release|Any CPU
	EndGlobalSection
	GlobalSection(ProjectConfigurationPlatforms) = postSolution
		{8066C8C7-B2EB-4832-87DC-50D00179DF7E}.Debug|Any CPU.ActiveCfg = Debug|Any CPU
		{8066C8C7-B2EB-4832-87DC-50D00179DF7E}.Debug|Any CPU.Build.0 = Debug|Any CPU
		{8066C8C7-B2EB-4832-87DC-50D00179DF7E}.Release|Any CPU.ActiveCfg = Release|Any CPU
		{8066C8C7-B2EB-4832-87DC-50D00179DF7E}.Release|Any CPU.Build.0 = Release|Any CPU
	EndGlobalSection
	GlobalSection(SolutionProperties) = preSolution
		HideSolutionNode = FALSE
	EndGlobalSection
	GlobalSection(ExtensibilityGlobals) = postSolution
		SolutionGuid = {A5F3D830-6B2F-422C-B942-92104D19B2A2}
	EndGlobalSection
EndGlobal
